
Microsoft Visual Studio Solution File, Format Version 12.00
# Visual Studio 15
VisualStudioVersion = 15.0.26730.10
MinimumVisualStudioVersion = 10.0.40219.1
Project("{FAE04EC0-301F-11D3-BF4B-00C04F79EFBC}") = "Flepper.Core", "Flepper.Core\Flepper.Core.csproj", "{C27A4AE8-DB31-4E18-9270-A5F2FBB51C22}"
EndProject
Project("{FAE04EC0-301F-11D3-BF4B-00C04F79EFBC}") = "Flepper.Tests.Unit", "Flepper.Tests.Unit\Flepper.Tests.Unit.csproj", "{E364F1BD-EE3D-477A-9774-9CFA582C2952}"
EndProject
Global
	GlobalSection(SolutionConfigurationPlatforms) = preSolution
		Debug|Any CPU = Debug|Any CPU
		Release|Any CPU = Release|Any CPU
	EndGlobalSection
	GlobalSection(ProjectConfigurationPlatforms) = postSolution
		{C27A4AE8-DB31-4E18-9270-A5F2FBB51C22}.Debug|Any CPU.ActiveCfg = Debug|Any CPU
		{C27A4AE8-DB31-4E18-9270-A5F2FBB51C22}.Debug|Any CPU.Build.0 = Debug|Any CPU
		{C27A4AE8-DB31-4E18-9270-A5F2FBB51C22}.Release|Any CPU.ActiveCfg = Release|Any CPU
		{C27A4AE8-DB31-4E18-9270-A5F2FBB51C22}.Release|Any CPU.Build.0 = Release|Any CPU
		{E364F1BD-EE3D-477A-9774-9CFA582C2952}.Debug|Any CPU.ActiveCfg = Debug|Any CPU
		{E364F1BD-EE3D-477A-9774-9CFA582C2952}.Debug|Any CPU.Build.0 = Debug|Any CPU
		{E364F1BD-EE3D-477A-9774-9CFA582C2952}.Release|Any CPU.ActiveCfg = Release|Any CPU
		{E364F1BD-EE3D-477A-9774-9CFA582C2952}.Release|Any CPU.Build.0 = Release|Any CPU
	EndGlobalSection
	GlobalSection(SolutionProperties) = preSolution
		HideSolutionNode = FALSE
	EndGlobalSection
	GlobalSection(ExtensibilityGlobals) = postSolution
		SolutionGuid = {6E0A2BF3-A251-4A18-9608-129DEA31B41E}
	EndGlobalSection
EndGlobal
